
Microsoft Visual Studio Solution File, Format Version 12.00
# Visual Studio 15
Project("{FAE04EC0-301F-11D3-BF4B-00C04F79EFBC}") = "AnimalRunner_iOS", "Assembly-CSharp.csproj", "{6195BD65-F6F6-DE56-67E1-078F8D79D224}"
EndProject
Project("{FAE04EC0-301F-11D3-BF4B-00C04F79EFBC}") = "AnimalRunner_iOS", "Assembly-CSharp-firstpass.csproj", "{855E8CDF-0E4B-E8B9-3F35-FC981BE9B6D6}"
EndProject
Project("{FAE04EC0-301F-11D3-BF4B-00C04F79EFBC}") = "AnimalRunner_iOS", "Assembly-CSharp-Editor.csproj", "{09994EC0-1B5B-13B7-BB7F-7377B4F0FCF7}"
EndProject
Project("{FAE04EC0-301F-11D3-BF4B-00C04F79EFBC}") = "AnimalRunner_iOS", "Assembly-CSharp-Editor-firstpass.csproj", "{E57699EB-34C1-EC01-9A2F-7E97B610C50D}"
EndProject
Global
	GlobalSection(SolutionConfigurationPlatforms) = preSolution
		Debug|Any CPU = Debug|Any CPU
		Release|Any CPU = Release|Any CPU
	EndGlobalSection
	GlobalSection(ProjectConfigurationPlatforms) = postSolution
		{6195BD65-F6F6-DE56-67E1-078F8D79D224}.Debug|Any CPU.ActiveCfg = Debug|Any CPU
		{6195BD65-F6F6-DE56-67E1-078F8D79D224}.Debug|Any CPU.Build.0 = Debug|Any CPU
		{6195BD65-F6F6-DE56-67E1-078F8D79D224}.Release|Any CPU.ActiveCfg = Release|Any CPU
		{6195BD65-F6F6-DE56-67E1-078F8D79D224}.Release|Any CPU.Build.0 = Release|Any CPU
		{855E8CDF-0E4B-E8B9-3F35-FC981BE9B6D6}.Debug|Any CPU.ActiveCfg = Debug|Any CPU
		{855E8CDF-0E4B-E8B9-3F35-FC981BE9B6D6}.Debug|Any CPU.Build.0 = Debug|Any CPU
		{855E8CDF-0E4B-E8B9-3F35-FC981BE9B6D6}.Release|Any CPU.ActiveCfg = Release|Any CPU
		{855E8CDF-0E4B-E8B9-3F35-FC981BE9B6D6}.Release|Any CPU.Build.0 = Release|Any CPU
		{09994EC0-1B5B-13B7-BB7F-7377B4F0FCF7}.Debug|Any CPU.ActiveCfg = Debug|Any CPU
		{09994EC0-1B5B-13B7-BB7F-7377B4F0FCF7}.Debug|Any CPU.Build.0 = Debug|Any CPU
		{09994EC0-1B5B-13B7-BB7F-7377B4F0FCF7}.Release|Any CPU.ActiveCfg = Release|Any CPU
		{09994EC0-1B5B-13B7-BB7F-7377B4F0FCF7}.Release|Any CPU.Build.0 = Release|Any CPU
		{E57699EB-34C1-EC01-9A2F-7E97B610C50D}.Debug|Any CPU.ActiveCfg = Debug|Any CPU
		{E57699EB-34C1-EC01-9A2F-7E97B610C50D}.Debug|Any CPU.Build.0 = Debug|Any CPU
		{E57699EB-34C1-EC01-9A2F-7E97B610C50D}.Release|Any CPU.ActiveCfg = Release|Any CPU
		{E57699EB-34C1-EC01-9A2F-7E97B610C50D}.Release|Any CPU.Build.0 = Release|Any CPU
	EndGlobalSection
	GlobalSection(SolutionProperties) = preSolution
		HideSolutionNode = FALSE
	EndGlobalSection
EndGlobal
